
Microsoft Visual Studio Solution File, Format Version 12.00
# Visual Studio 15
VisualStudioVersion = 15.0.28307.271
MinimumVisualStudioVersion = 10.0.40219.1
Project("{FAE04EC0-301F-11D3-BF4B-00C04F79EFBC}") = "Area of a triangle", "Area of a triangle\Area of a triangle.csproj", "{FC81B0A6-2A50-4A50-A2EB-BBEBB0001910}"
EndProject
Global
	GlobalSection(SolutionConfigurationPlatforms) = preSolution
		Debug|Any CPU = Debug|Any CPU
		Release|Any CPU = Release|Any CPU
	EndGlobalSection
	GlobalSection(ProjectConfigurationPlatforms) = postSolution
		{FC81B0A6-2A50-4A50-A2EB-BBEBB0001910}.Debug|Any CPU.ActiveCfg = Debug|Any CPU
		{FC81B0A6-2A50-4A50-A2EB-BBEBB0001910}.Debug|Any CPU.Build.0 = Debug|Any CPU
		{FC81B0A6-2A50-4A50-A2EB-BBEBB0001910}.Release|Any CPU.ActiveCfg = Release|Any CPU
		{FC81B0A6-2A50-4A50-A2EB-BBEBB0001910}.Release|Any CPU.Build.0 = Release|Any CPU
	EndGlobalSection
	GlobalSection(SolutionProperties) = preSolution
		HideSolutionNode = FALSE
	EndGlobalSection
	GlobalSection(ExtensibilityGlobals) = postSolution
		SolutionGuid = {F9C34A94-6665-49CA-850B-DA3E9764BF5F}
	EndGlobalSection
EndGlobal
